
Microsoft Visual Studio Solution File, Format Version 12.00
# Visual Studio Version 16
VisualStudioVersion = 16.0.30225.117
MinimumVisualStudioVersion = 10.0.40219.1
Project("{FAE04EC0-301F-11D3-BF4B-00C04F79EFBC}") = "WebHpShop.Portals", "WebHpShop.Portals\WebHpShop.Portals.csproj", "{91EBC4C3-C77C-49A7-9F1E-05188C215A80}"
EndProject
Project("{FAE04EC0-301F-11D3-BF4B-00C04F79EFBC}") = "WebHpShop.Domain", "WebHpShop.Domain\WebHpShop.Domain.csproj", "{19AE6563-1C2E-4C4A-A2FD-84FE24AFB3AF}"
EndProject
Project("{FAE04EC0-301F-11D3-BF4B-00C04F79EFBC}") = "WebHpShop.Reponsitory", "WebHpShop.Reponsitory\WebHpShop.Reponsitory.csproj", "{3AA45BD9-DABC-44E4-9867-BA8A7BBAFF3A}"
EndProject
Project("{FAE04EC0-301F-11D3-BF4B-00C04F79EFBC}") = "WebHpShop.Common", "WebHpShop.Common\WebHpShop.Common.csproj", "{812809B2-94B6-445B-8A2D-D6DF5B304BAE}"
EndProject
Project("{FAE04EC0-301F-11D3-BF4B-00C04F79EFBC}") = "WebHpShop.Service", "WebHpShop.Service\WebHpShop.Service.csproj", "{E5D085CC-46AB-48EC-86FC-F48CE1EE4370}"
EndProject
Global
	GlobalSection(SolutionConfigurationPlatforms) = preSolution
		Debug|Any CPU = Debug|Any CPU
		Release|Any CPU = Release|Any CPU
	EndGlobalSection
	GlobalSection(ProjectConfigurationPlatforms) = postSolution
		{91EBC4C3-C77C-49A7-9F1E-05188C215A80}.Debug|Any CPU.ActiveCfg = Debug|Any CPU
		{91EBC4C3-C77C-49A7-9F1E-05188C215A80}.Debug|Any CPU.Build.0 = Debug|Any CPU
		{91EBC4C3-C77C-49A7-9F1E-05188C215A80}.Release|Any CPU.ActiveCfg = Release|Any CPU
		{91EBC4C3-C77C-49A7-9F1E-05188C215A80}.Release|Any CPU.Build.0 = Release|Any CPU
		{19AE6563-1C2E-4C4A-A2FD-84FE24AFB3AF}.Debug|Any CPU.ActiveCfg = Debug|Any CPU
		{19AE6563-1C2E-4C4A-A2FD-84FE24AFB3AF}.Debug|Any CPU.Build.0 = Debug|Any CPU
		{19AE6563-1C2E-4C4A-A2FD-84FE24AFB3AF}.Release|Any CPU.ActiveCfg = Release|Any CPU
		{19AE6563-1C2E-4C4A-A2FD-84FE24AFB3AF}.Release|Any CPU.Build.0 = Release|Any CPU
		{3AA45BD9-DABC-44E4-9867-BA8A7BBAFF3A}.Debug|Any CPU.ActiveCfg = Debug|Any CPU
		{3AA45BD9-DABC-44E4-9867-BA8A7BBAFF3A}.Debug|Any CPU.Build.0 = Debug|Any CPU
		{3AA45BD9-DABC-44E4-9867-BA8A7BBAFF3A}.Release|Any CPU.ActiveCfg = Release|Any CPU
		{3AA45BD9-DABC-44E4-9867-BA8A7BBAFF3A}.Release|Any CPU.Build.0 = Release|Any CPU
		{812809B2-94B6-445B-8A2D-D6DF5B304BAE}.Debug|Any CPU.ActiveCfg = Debug|Any CPU
		{812809B2-94B6-445B-8A2D-D6DF5B304BAE}.Debug|Any CPU.Build.0 = Debug|Any CPU
		{812809B2-94B6-445B-8A2D-D6DF5B304BAE}.Release|Any CPU.ActiveCfg = Release|Any CPU
		{812809B2-94B6-445B-8A2D-D6DF5B304BAE}.Release|Any CPU.Build.0 = Release|Any CPU
		{E5D085CC-46AB-48EC-86FC-F48CE1EE4370}.Debug|Any CPU.ActiveCfg = Debug|Any CPU
		{E5D085CC-46AB-48EC-86FC-F48CE1EE4370}.Debug|Any CPU.Build.0 = Debug|Any CPU
		{E5D085CC-46AB-48EC-86FC-F48CE1EE4370}.Release|Any CPU.ActiveCfg = Release|Any CPU
		{E5D085CC-46AB-48EC-86FC-F48CE1EE4370}.Release|Any CPU.Build.0 = Release|Any CPU
	EndGlobalSection
	GlobalSection(SolutionProperties) = preSolution
		HideSolutionNode = FALSE
	EndGlobalSection
	GlobalSection(ExtensibilityGlobals) = postSolution
		SolutionGuid = {7AA5E342-D787-4C91-83F0-BA8443DDE5C3}
	EndGlobalSection
EndGlobal
